
Microsoft Visual Studio Solution File, Format Version 12.00
# Visual Studio Version 16
VisualStudioVersion = 16.0.30804.86
MinimumVisualStudioVersion = 15.0.26124.0
Project("{9A19103F-16F7-4668-BE54-9A1E7A4F7556}") = "Src2D", "Src2D\Src2D.csproj", "{9902CD84-D556-41C2-B653-D770035FA9BC}"
EndProject
Project("{2150E333-8FDC-42A3-9474-1A3956D46DE8}") = "ExampleGame", "ExampleGame", "{3836646F-8B5C-436D-9D4C-75B3D7B506EC}"
EndProject
Project("{2150E333-8FDC-42A3-9474-1A3956D46DE8}") = "BuildTragets", "BuildTragets", "{1D2FCB4B-1687-476D-84A0-66C2687BDE04}"
EndProject
Project("{9A19103F-16F7-4668-BE54-9A1E7A4F7556}") = "ExampleGame", "ExampleGame\Source\ExampleGame.csproj", "{212B0F20-C2BF-48EB-80C6-5E4EB78266FE}"
EndProject
Project("{9A19103F-16F7-4668-BE54-9A1E7A4F7556}") = "Windows", "ExampleGame\BuildTargets\Windows\Windows.csproj", "{630ABE25-DB48-46F8-B489-482273F3DF11}"
EndProject
Project("{9A19103F-16F7-4668-BE54-9A1E7A4F7556}") = "Src2D.Content", "Src2D.Content\Src2D.Content.csproj", "{A45E60F9-FADD-4D69-9A5A-F04B915BE5AB}"
EndProject
Project("{2150E333-8FDC-42A3-9474-1A3956D46DE8}") = "Editor", "Editor", "{8CCF0AA7-C440-4186-AF84-3662BC2BE51A}"
EndProject
Project("{9A19103F-16F7-4668-BE54-9A1E7A4F7556}") = "Src2D.Editor", "Src2D.Editor\Src2D.Editor\Src2D.Editor.csproj", "{70ACBEE2-6738-4C30-94E8-FFD028D4E6ED}"
EndProject
Project("{9A19103F-16F7-4668-BE54-9A1E7A4F7556}") = "Src2D.Editor.Gtk", "Src2D.Editor\Src2D.Editor.Gtk\Src2D.Editor.Gtk.csproj", "{EA158531-83E7-48AA-8157-E6C36D8D9B1C}"
EndProject
Project("{9A19103F-16F7-4668-BE54-9A1E7A4F7556}") = "Src2D.Editor.Mac", "Src2D.Editor\Src2D.Editor.Mac\Src2D.Editor.Mac.csproj", "{0A8A8414-64B5-4870-AA2E-48327B085081}"
EndProject
Project("{9A19103F-16F7-4668-BE54-9A1E7A4F7556}") = "Src2D.Editor.Wpf", "Src2D.Editor\Src2D.Editor.Wpf\Src2D.Editor.Wpf.csproj", "{CD59F05F-F20D-4F26-9CAB-730A6D6A3D37}"
EndProject
Global
	GlobalSection(SolutionConfigurationPlatforms) = preSolution
		Debug|Any CPU = Debug|Any CPU
		Debug|x64 = Debug|x64
		Debug|x86 = Debug|x86
		Release|Any CPU = Release|Any CPU
		Release|x64 = Release|x64
		Release|x86 = Release|x86
	EndGlobalSection
	GlobalSection(ProjectConfigurationPlatforms) = postSolution
		{9902CD84-D556-41C2-B653-D770035FA9BC}.Debug|Any CPU.ActiveCfg = Debug|Any CPU
		{9902CD84-D556-41C2-B653-D770035FA9BC}.Debug|Any CPU.Build.0 = Debug|Any CPU
		{9902CD84-D556-41C2-B653-D770035FA9BC}.Debug|x64.ActiveCfg = Debug|Any CPU
		{9902CD84-D556-41C2-B653-D770035FA9BC}.Debug|x64.Build.0 = Debug|Any CPU
		{9902CD84-D556-41C2-B653-D770035FA9BC}.Debug|x86.ActiveCfg = Debug|Any CPU
		{9902CD84-D556-41C2-B653-D770035FA9BC}.Debug|x86.Build.0 = Debug|Any CPU
		{9902CD84-D556-41C2-B653-D770035FA9BC}.Release|Any CPU.ActiveCfg = Release|Any CPU
		{9902CD84-D556-41C2-B653-D770035FA9BC}.Release|Any CPU.Build.0 = Release|Any CPU
		{9902CD84-D556-41C2-B653-D770035FA9BC}.Release|x64.ActiveCfg = Release|Any CPU
		{9902CD84-D556-41C2-B653-D770035FA9BC}.Release|x64.Build.0 = Release|Any CPU
		{9902CD84-D556-41C2-B653-D770035FA9BC}.Release|x86.ActiveCfg = Release|Any CPU
		{9902CD84-D556-41C2-B653-D770035FA9BC}.Release|x86.Build.0 = Release|Any CPU
		{212B0F20-C2BF-48EB-80C6-5E4EB78266FE}.Debug|Any CPU.ActiveCfg = Debug|Any CPU
		{212B0F20-C2BF-48EB-80C6-5E4EB78266FE}.Debug|Any CPU.Build.0 = Debug|Any CPU
		{212B0F20-C2BF-48EB-80C6-5E4EB78266FE}.Debug|x64.ActiveCfg = Debug|Any CPU
		{212B0F20-C2BF-48EB-80C6-5E4EB78266FE}.Debug|x64.Build.0 = Debug|Any CPU
		{212B0F20-C2BF-48EB-80C6-5E4EB78266FE}.Debug|x86.ActiveCfg = Debug|Any CPU
		{212B0F20-C2BF-48EB-80C6-5E4EB78266FE}.Debug|x86.Build.0 = Debug|Any CPU
		{212B0F20-C2BF-48EB-80C6-5E4EB78266FE}.Release|Any CPU.ActiveCfg = Release|Any CPU
		{212B0F20-C2BF-48EB-80C6-5E4EB78266FE}.Release|Any CPU.Build.0 = Release|Any CPU
		{212B0F20-C2BF-48EB-80C6-5E4EB78266FE}.Release|x64.ActiveCfg = Release|Any CPU
		{212B0F20-C2BF-48EB-80C6-5E4EB78266FE}.Release|x64.Build.0 = Release|Any CPU
		{212B0F20-C2BF-48EB-80C6-5E4EB78266FE}.Release|x86.ActiveCfg = Release|Any CPU
		{212B0F20-C2BF-48EB-80C6-5E4EB78266FE}.Release|x86.Build.0 = Release|Any CPU
		{630ABE25-DB48-46F8-B489-482273F3DF11}.Debug|Any CPU.ActiveCfg = Debug|Any CPU
		{630ABE25-DB48-46F8-B489-482273F3DF11}.Debug|Any CPU.Build.0 = Debug|Any CPU
		{630ABE25-DB48-46F8-B489-482273F3DF11}.Debug|x64.ActiveCfg = Debug|Any CPU
		{630ABE25-DB48-46F8-B489-482273F3DF11}.Debug|x64.Build.0 = Debug|Any CPU
		{630ABE25-DB48-46F8-B489-482273F3DF11}.Debug|x86.ActiveCfg = Debug|Any CPU
		{630ABE25-DB48-46F8-B489-482273F3DF11}.Debug|x86.Build.0 = Debug|Any CPU
		{630ABE25-DB48-46F8-B489-482273F3DF11}.Release|Any CPU.ActiveCfg = Release|Any CPU
		{630ABE25-DB48-46F8-B489-482273F3DF11}.Release|Any CPU.Build.0 = Release|Any CPU
		{630ABE25-DB48-46F8-B489-482273F3DF11}.Release|x64.ActiveCfg = Release|Any CPU
		{630ABE25-DB48-46F8-B489-482273F3DF11}.Release|x64.Build.0 = Release|Any CPU
		{630ABE25-DB48-46F8-B489-482273F3DF11}.Release|x86.ActiveCfg = Release|Any CPU
		{630ABE25-DB48-46F8-B489-482273F3DF11}.Release|x86.Build.0 = Release|Any CPU
		{A45E60F9-FADD-4D69-9A5A-F04B915BE5AB}.Debug|Any CPU.ActiveCfg = Debug|Any CPU
		{A45E60F9-FADD-4D69-9A5A-F04B915BE5AB}.Debug|Any CPU.Build.0 = Debug|Any CPU
		{A45E60F9-FADD-4D69-9A5A-F04B915BE5AB}.Debug|x64.ActiveCfg = Debug|Any CPU
		{A45E60F9-FADD-4D69-9A5A-F04B915BE5AB}.Debug|x64.Build.0 = Debug|Any CPU
		{A45E60F9-FADD-4D69-9A5A-F04B915BE5AB}.Debug|x86.ActiveCfg = Debug|Any CPU
		{A45E60F9-FADD-4D69-9A5A-F04B915BE5AB}.Debug|x86.Build.0 = Debug|Any CPU
		{A45E60F9-FADD-4D69-9A5A-F04B915BE5AB}.Release|Any CPU.ActiveCfg = Release|Any CPU
		{A45E60F9-FADD-4D69-9A5A-F04B915BE5AB}.Release|Any CPU.Build.0 = Release|Any CPU
		{A45E60F9-FADD-4D69-9A5A-F04B915BE5AB}.Release|x64.ActiveCfg = Release|Any CPU
		{A45E60F9-FADD-4D69-9A5A-F04B915BE5AB}.Release|x64.Build.0 = Release|Any CPU
		{A45E60F9-FADD-4D69-9A5A-F04B915BE5AB}.Release|x86.ActiveCfg = Release|Any CPU
		{A45E60F9-FADD-4D69-9A5A-F04B915BE5AB}.Release|x86.Build.0 = Release|Any CPU
		{70ACBEE2-6738-4C30-94E8-FFD028D4E6ED}.Debug|Any CPU.ActiveCfg = Debug|Any CPU
		{70ACBEE2-6738-4C30-94E8-FFD028D4E6ED}.Debug|Any CPU.Build.0 = Debug|Any CPU
		{70ACBEE2-6738-4C30-94E8-FFD028D4E6ED}.Debug|x64.ActiveCfg = Debug|Any CPU
		{70ACBEE2-6738-4C30-94E8-FFD028D4E6ED}.Debug|x64.Build.0 = Debug|Any CPU
		{70ACBEE2-6738-4C30-94E8-FFD028D4E6ED}.Debug|x86.ActiveCfg = Debug|Any CPU
		{70ACBEE2-6738-4C30-94E8-FFD028D4E6ED}.Debug|x86.Build.0 = Debug|Any CPU
		{70ACBEE2-6738-4C30-94E8-FFD028D4E6ED}.Release|Any CPU.ActiveCfg = Release|Any CPU
		{70ACBEE2-6738-4C30-94E8-FFD028D4E6ED}.Release|Any CPU.Build.0 = Release|Any CPU
		{70ACBEE2-6738-4C30-94E8-FFD028D4E6ED}.Release|x64.ActiveCfg = Release|Any CPU
		{70ACBEE2-6738-4C30-94E8-FFD028D4E6ED}.Release|x64.Build.0 = Release|Any CPU
		{70ACBEE2-6738-4C30-94E8-FFD028D4E6ED}.Release|x86.ActiveCfg = Release|Any CPU
		{70ACBEE2-6738-4C30-94E8-FFD028D4E6ED}.Release|x86.Build.0 = Release|Any CPU
		{EA158531-83E7-48AA-8157-E6C36D8D9B1C}.Debug|Any CPU.ActiveCfg = Debug|Any CPU
		{EA158531-83E7-48AA-8157-E6C36D8D9B1C}.Debug|Any CPU.Build.0 = Debug|Any CPU
		{EA158531-83E7-48AA-8157-E6C36D8D9B1C}.Debug|x64.ActiveCfg = Debug|Any CPU
		{EA158531-83E7-48AA-8157-E6C36D8D9B1C}.Debug|x64.Build.0 = Debug|Any CPU
		{EA158531-83E7-48AA-8157-E6C36D8D9B1C}.Debug|x86.ActiveCfg = Debug|Any CPU
		{EA158531-83E7-48AA-8157-E6C36D8D9B1C}.Debug|x86.Build.0 = Debug|Any CPU
		{EA158531-83E7-48AA-8157-E6C36D8D9B1C}.Release|Any CPU.ActiveCfg = Release|Any CPU
		{EA158531-83E7-48AA-8157-E6C36D8D9B1C}.Release|Any CPU.Build.0 = Release|Any CPU
		{EA158531-83E7-48AA-8157-E6C36D8D9B1C}.Release|x64.ActiveCfg = Release|Any CPU
		{EA158531-83E7-48AA-8157-E6C36D8D9B1C}.Release|x64.Build.0 = Release|Any CPU
		{EA158531-83E7-48AA-8157-E6C36D8D9B1C}.Release|x86.ActiveCfg = Release|Any CPU
		{EA158531-83E7-48AA-8157-E6C36D8D9B1C}.Release|x86.Build.0 = Release|Any CPU
		{0A8A8414-64B5-4870-AA2E-48327B085081}.Debug|Any CPU.ActiveCfg = Debug|Any CPU
		{0A8A8414-64B5-4870-AA2E-48327B085081}.Debug|Any CPU.Build.0 = Debug|Any CPU
		{0A8A8414-64B5-4870-AA2E-48327B085081}.Debug|x64.ActiveCfg = Debug|Any CPU
		{0A8A8414-64B5-4870-AA2E-48327B085081}.Debug|x64.Build.0 = Debug|Any CPU
		{0A8A8414-64B5-4870-AA2E-48327B085081}.Debug|x86.ActiveCfg = Debug|Any CPU
		{0A8A8414-64B5-4870-AA2E-48327B085081}.Debug|x86.Build.0 = Debug|Any CPU
		{0A8A8414-64B5-4870-AA2E-48327B085081}.Release|Any CPU.ActiveCfg = Release|Any CPU
		{0A8A8414-64B5-4870-AA2E-48327B085081}.Release|Any CPU.Build.0 = Release|Any CPU
		{0A8A8414-64B5-4870-AA2E-48327B085081}.Release|x64.ActiveCfg = Release|Any CPU
		{0A8A8414-64B5-4870-AA2E-48327B085081}.Release|x64.Build.0 = Release|Any CPU
		{0A8A8414-64B5-4870-AA2E-48327B085081}.Release|x86.ActiveCfg = Release|Any CPU
		{0A8A8414-64B5-4870-AA2E-48327B085081}.Release|x86.Build.0 = Release|Any CPU
		{CD59F05F-F20D-4F26-9CAB-730A6D6A3D37}.Debug|Any CPU.ActiveCfg = Debug|Any CPU
		{CD59F05F-F20D-4F26-9CAB-730A6D6A3D37}.Debug|Any CPU.Build.0 = Debug|Any CPU
		{CD59F05F-F20D-4F26-9CAB-730A6D6A3D37}.Debug|x64.ActiveCfg = Debug|Any CPU
		{CD59F05F-F20D-4F26-9CAB-730A6D6A3D37}.Debug|x64.Build.0 = Debug|Any CPU
		{CD59F05F-F20D-4F26-9CAB-730A6D6A3D37}.Debug|x86.ActiveCfg = Debug|Any CPU
		{CD59F05F-F20D-4F26-9CAB-730A6D6A3D37}.Debug|x86.Build.0 = Debug|Any CPU
		{CD59F05F-F20D-4F26-9CAB-730A6D6A3D37}.Release|Any CPU.ActiveCfg = Release|Any CPU
		{CD59F05F-F20D-4F26-9CAB-730A6D6A3D37}.Release|Any CPU.Build.0 = Release|Any CPU
		{CD59F05F-F20D-4F26-9CAB-730A6D6A3D37}.Release|x64.ActiveCfg = Release|Any CPU
		{CD59F05F-F20D-4F26-9CAB-730A6D6A3D37}.Release|x64.Build.0 = Release|Any CPU
		{CD59F05F-F20D-4F26-9CAB-730A6D6A3D37}.Release|x86.ActiveCfg = Release|Any CPU
		{CD59F05F-F20D-4F26-9CAB-730A6D6A3D37}.Release|x86.Build.0 = Release|Any CPU
	EndGlobalSection
	GlobalSection(SolutionProperties) = preSolution
		HideSolutionNode = FALSE
	EndGlobalSection
	GlobalSection(NestedProjects) = preSolution
		{1D2FCB4B-1687-476D-84A0-66C2687BDE04} = {3836646F-8B5C-436D-9D4C-75B3D7B506EC}
		{212B0F20-C2BF-48EB-80C6-5E4EB78266FE} = {3836646F-8B5C-436D-9D4C-75B3D7B506EC}
		{630ABE25-DB48-46F8-B489-482273F3DF11} = {1D2FCB4B-1687-476D-84A0-66C2687BDE04}
		{70ACBEE2-6738-4C30-94E8-FFD028D4E6ED} = {8CCF0AA7-C440-4186-AF84-3662BC2BE51A}
		{EA158531-83E7-48AA-8157-E6C36D8D9B1C} = {8CCF0AA7-C440-4186-AF84-3662BC2BE51A}
		{0A8A8414-64B5-4870-AA2E-48327B085081} = {8CCF0AA7-C440-4186-AF84-3662BC2BE51A}
		{CD59F05F-F20D-4F26-9CAB-730A6D6A3D37} = {8CCF0AA7-C440-4186-AF84-3662BC2BE51A}
	EndGlobalSection
	GlobalSection(ExtensibilityGlobals) = postSolution
		SolutionGuid = {4024AB96-8647-44CB-8EB2-4F4AD58CB714}
	EndGlobalSection
EndGlobal
